// !$*UTF8*$!
{
	archiveVersion = 1;
	classes = {
	};
	objectVersion = 56;
	objects = {

/* Begin PBXBuildFile section */
		1134BB842BDA8DF400A67A8A /* StartButton.swift in Sources */ = {isa = PBXBuildFile; fileRef = 1134BB832BDA8DF400A67A8A /* StartButton.swift */; };
		1134BB862BDA9B9600A67A8A /* SpeedoMeter.swift in Sources */ = {isa = PBXBuildFile; fileRef = 1134BB852BDA9B9600A67A8A /* SpeedoMeter.swift */; };
		1134BB8A2BDA9F8600A67A8A /* Alamofire in Frameworks */ = {isa = PBXBuildFile; productRef = 1134BB892BDA9F8600A67A8A /* Alamofire */; };
		1134BB8C2BDAACC600A67A8A /* NetworkInfoService.swift in Sources */ = {isa = PBXBuildFile; fileRef = 1134BB8B2BDAACC600A67A8A /* NetworkInfoService.swift */; };
		1134BB8F2BDAAD3300A67A8A /* NetworkInfoModel.swift in Sources */ = {isa = PBXBuildFile; fileRef = 1134BB8E2BDAAD3300A67A8A /* NetworkInfoModel.swift */; };
		1184A9302BD92A4A000CCB5B /* SpeedTestApp.swift in Sources */ = {isa = PBXBuildFile; fileRef = 1184A92F2BD92A4A000CCB5B /* SpeedTestApp.swift */; };
		1184A9342BD92A4C000CCB5B /* Assets.xcassets in Resources */ = {isa = PBXBuildFile; fileRef = 1184A9332BD92A4C000CCB5B /* Assets.xcassets */; };
		1184A9372BD92A4C000CCB5B /* Preview Assets.xcassets in Resources */ = {isa = PBXBuildFile; fileRef = 1184A9362BD92A4C000CCB5B /* Preview Assets.xcassets */; };
		1184A93C2BD92A4C000CCB5B /* SpeedTest.xcdatamodeld in Sources */ = {isa = PBXBuildFile; fileRef = 1184A93A2BD92A4C000CCB5B /* SpeedTest.xcdatamodeld */; };
		1184A9462BD92A4C000CCB5B /* SpeedTestTests.swift in Sources */ = {isa = PBXBuildFile; fileRef = 1184A9452BD92A4C000CCB5B /* SpeedTestTests.swift */; };
		1184A9502BD92A4C000CCB5B /* SpeedTestUITests.swift in Sources */ = {isa = PBXBuildFile; fileRef = 1184A94F2BD92A4C000CCB5B /* SpeedTestUITests.swift */; };
		1184A9522BD92A4C000CCB5B /* SpeedTestUITestsLaunchTests.swift in Sources */ = {isa = PBXBuildFile; fileRef = 1184A9512BD92A4C000CCB5B /* SpeedTestUITestsLaunchTests.swift */; };
		1184A9632BD92AD3000CCB5B /* DataController.swift in Sources */ = {isa = PBXBuildFile; fileRef = 1184A9622BD92AD3000CCB5B /* DataController.swift */; };
		1184A9662BD92B4E000CCB5B /* LogService.swift in Sources */ = {isa = PBXBuildFile; fileRef = 1184A9652BD92B4E000CCB5B /* LogService.swift */; };
		1184A96A2BD92B6D000CCB5B /* Date+.swift in Sources */ = {isa = PBXBuildFile; fileRef = 1184A9692BD92B6D000CCB5B /* Date+.swift */; };
		1184A9712BD9313E000CCB5B /* MainScreenView.swift in Sources */ = {isa = PBXBuildFile; fileRef = 1184A9702BD9313E000CCB5B /* MainScreenView.swift */; };
		1184A9732BD9314F000CCB5B /* MainScreenViewModel.swift in Sources */ = {isa = PBXBuildFile; fileRef = 1184A9722BD9314F000CCB5B /* MainScreenViewModel.swift */; };
		1184A9752BD931B6000CCB5B /* SettingsScreenView.swift in Sources */ = {isa = PBXBuildFile; fileRef = 1184A9742BD931B6000CCB5B /* SettingsScreenView.swift */; };
		1184A9772BD931C7000CCB5B /* SettingsScreenViewModel.swift in Sources */ = {isa = PBXBuildFile; fileRef = 1184A9762BD931C7000CCB5B /* SettingsScreenViewModel.swift */; };
		1184A9792BD931D9000CCB5B /* HistoryScreenViewModel.swift in Sources */ = {isa = PBXBuildFile; fileRef = 1184A9782BD931D9000CCB5B /* HistoryScreenViewModel.swift */; };
		1184A97B2BD931E3000CCB5B /* HistoryModel.swift in Sources */ = {isa = PBXBuildFile; fileRef = 1184A97A2BD931E3000CCB5B /* HistoryModel.swift */; };
		1184A97D2BD931FC000CCB5B /* HistoryScreenView.swift in Sources */ = {isa = PBXBuildFile; fileRef = 1184A97C2BD931FC000CCB5B /* HistoryScreenView.swift */; };
		1184A97F2BD9328C000CCB5B /* NetworkSpeedService.swift in Sources */ = {isa = PBXBuildFile; fileRef = 1184A97E2BD9328C000CCB5B /* NetworkSpeedService.swift */; };
		1184A9812BD932D4000CCB5B /* MainScreenAssembly.swift in Sources */ = {isa = PBXBuildFile; fileRef = 1184A9802BD932D4000CCB5B /* MainScreenAssembly.swift */; };
		1184A9832BD932DE000CCB5B /* MainScreenRouter.swift in Sources */ = {isa = PBXBuildFile; fileRef = 1184A9822BD932DE000CCB5B /* MainScreenRouter.swift */; };
		1184A9852BD93367000CCB5B /* SettingsScreenRouter.swift in Sources */ = {isa = PBXBuildFile; fileRef = 1184A9842BD93367000CCB5B /* SettingsScreenRouter.swift */; };
		1184A9872BD93373000CCB5B /* SettingsScreenAssembly.swift in Sources */ = {isa = PBXBuildFile; fileRef = 1184A9862BD93373000CCB5B /* SettingsScreenAssembly.swift */; };
		1184A9892BD93563000CCB5B /* HistoryScreenRouter.swift in Sources */ = {isa = PBXBuildFile; fileRef = 1184A9882BD93563000CCB5B /* HistoryScreenRouter.swift */; };
		1184A98B2BD93576000CCB5B /* HistoryScreenAssembly.swift in Sources */ = {isa = PBXBuildFile; fileRef = 1184A98A2BD93576000CCB5B /* HistoryScreenAssembly.swift */; };
		1184A9912BD96E8E000CCB5B /* SharedDataService.swift in Sources */ = {isa = PBXBuildFile; fileRef = 1184A9902BD96E8E000CCB5B /* SharedDataService.swift */; };
		1184A9932BD96EAF000CCB5B /* DIContainerImpl.swift in Sources */ = {isa = PBXBuildFile; fileRef = 1184A9922BD96EAF000CCB5B /* DIContainerImpl.swift */; };
		1184A9962BD96FE7000CCB5B /* DIContainer.swift in Sources */ = {isa = PBXBuildFile; fileRef = 1184A9952BD96FE7000CCB5B /* DIContainer.swift */; };
/* End PBXBuildFile section */

/* Begin PBXContainerItemProxy section */
		1184A9422BD92A4C000CCB5B /* PBXContainerItemProxy */ = {
			isa = PBXContainerItemProxy;
			containerPortal = 1184A9242BD92A4A000CCB5B /* Project object */;
			proxyType = 1;
			remoteGlobalIDString = 1184A92B2BD92A4A000CCB5B;
			remoteInfo = SpeedTest;
		};
		1184A94C2BD92A4C000CCB5B /* PBXContainerItemProxy */ = {
			isa = PBXContainerItemProxy;
			containerPortal = 1184A9242BD92A4A000CCB5B /* Project object */;
			proxyType = 1;
			remoteGlobalIDString = 1184A92B2BD92A4A000CCB5B;
			remoteInfo = SpeedTest;
		};
/* End PBXContainerItemProxy section */

/* Begin PBXFileReference section */
		1134BB832BDA8DF400A67A8A /* StartButton.swift */ = {isa = PBXFileReference; lastKnownFileType = sourcecode.swift; path = StartButton.swift; sourceTree = "<group>"; };
		1134BB852BDA9B9600A67A8A /* SpeedoMeter.swift */ = {isa = PBXFileReference; lastKnownFileType = sourcecode.swift; path = SpeedoMeter.swift; sourceTree = "<group>"; };
		1134BB8B2BDAACC600A67A8A /* NetworkInfoService.swift */ = {isa = PBXFileReference; lastKnownFileType = sourcecode.swift; path = NetworkInfoService.swift; sourceTree = "<group>"; };
		1134BB8E2BDAAD3300A67A8A /* NetworkInfoModel.swift */ = {isa = PBXFileReference; lastKnownFileType = sourcecode.swift; path = NetworkInfoModel.swift; sourceTree = "<group>"; };
		1184A92C2BD92A4A000CCB5B /* SpeedTest.app */ = {isa = PBXFileReference; explicitFileType = wrapper.application; includeInIndex = 0; path = SpeedTest.app; sourceTree = BUILT_PRODUCTS_DIR; };
		1184A92F2BD92A4A000CCB5B /* SpeedTestApp.swift */ = {isa = PBXFileReference; lastKnownFileType = sourcecode.swift; path = SpeedTestApp.swift; sourceTree = "<group>"; };
		1184A9332BD92A4C000CCB5B /* Assets.xcassets */ = {isa = PBXFileReference; lastKnownFileType = folder.assetcatalog; path = Assets.xcassets; sourceTree = "<group>"; };
		1184A9362BD92A4C000CCB5B /* Preview Assets.xcassets */ = {isa = PBXFileReference; lastKnownFileType = folder.assetcatalog; path = "Preview Assets.xcassets"; sourceTree = "<group>"; };
		1184A93B2BD92A4C000CCB5B /* SpeedTest.xcdatamodel */ = {isa = PBXFileReference; lastKnownFileType = wrapper.xcdatamodel; path = SpeedTest.xcdatamodel; sourceTree = "<group>"; };
		1184A9412BD92A4C000CCB5B /* SpeedTestTests.xctest */ = {isa = PBXFileReference; explicitFileType = wrapper.cfbundle; includeInIndex = 0; path = SpeedTestTests.xctest; sourceTree = BUILT_PRODUCTS_DIR; };
		1184A9452BD92A4C000CCB5B /* SpeedTestTests.swift */ = {isa = PBXFileReference; lastKnownFileType = sourcecode.swift; path = SpeedTestTests.swift; sourceTree = "<group>"; };
		1184A94B2BD92A4C000CCB5B /* SpeedTestUITests.xctest */ = {isa = PBXFileReference; explicitFileType = wrapper.cfbundle; includeInIndex = 0; path = SpeedTestUITests.xctest; sourceTree = BUILT_PRODUCTS_DIR; };
		1184A94F2BD92A4C000CCB5B /* SpeedTestUITests.swift */ = {isa = PBXFileReference; lastKnownFileType = sourcecode.swift; path = SpeedTestUITests.swift; sourceTree = "<group>"; };
		1184A9512BD92A4C000CCB5B /* SpeedTestUITestsLaunchTests.swift */ = {isa = PBXFileReference; lastKnownFileType = sourcecode.swift; path = SpeedTestUITestsLaunchTests.swift; sourceTree = "<group>"; };
		1184A9622BD92AD3000CCB5B /* DataController.swift */ = {isa = PBXFileReference; lastKnownFileType = sourcecode.swift; path = DataController.swift; sourceTree = "<group>"; };
		1184A9652BD92B4E000CCB5B /* LogService.swift */ = {isa = PBXFileReference; lastKnownFileType = sourcecode.swift; path = LogService.swift; sourceTree = "<group>"; };
		1184A9692BD92B6D000CCB5B /* Date+.swift */ = {isa = PBXFileReference; lastKnownFileType = sourcecode.swift; path = "Date+.swift"; sourceTree = "<group>"; };
		1184A9702BD9313E000CCB5B /* MainScreenView.swift */ = {isa = PBXFileReference; lastKnownFileType = sourcecode.swift; path = MainScreenView.swift; sourceTree = "<group>"; };
		1184A9722BD9314F000CCB5B /* MainScreenViewModel.swift */ = {isa = PBXFileReference; lastKnownFileType = sourcecode.swift; path = MainScreenViewModel.swift; sourceTree = "<group>"; };
		1184A9742BD931B6000CCB5B /* SettingsScreenView.swift */ = {isa = PBXFileReference; lastKnownFileType = sourcecode.swift; path = SettingsScreenView.swift; sourceTree = "<group>"; };
		1184A9762BD931C7000CCB5B /* SettingsScreenViewModel.swift */ = {isa = PBXFileReference; lastKnownFileType = sourcecode.swift; path = SettingsScreenViewModel.swift; sourceTree = "<group>"; };
		1184A9782BD931D9000CCB5B /* HistoryScreenViewModel.swift */ = {isa = PBXFileReference; lastKnownFileType = sourcecode.swift; path = HistoryScreenViewModel.swift; sourceTree = "<group>"; };
		1184A97A2BD931E3000CCB5B /* HistoryModel.swift */ = {isa = PBXFileReference; lastKnownFileType = sourcecode.swift; path = HistoryModel.swift; sourceTree = "<group>"; };
		1184A97C2BD931FC000CCB5B /* HistoryScreenView.swift */ = {isa = PBXFileReference; lastKnownFileType = sourcecode.swift; path = HistoryScreenView.swift; sourceTree = "<group>"; };
		1184A97E2BD9328C000CCB5B /* NetworkSpeedService.swift */ = {isa = PBXFileReference; lastKnownFileType = sourcecode.swift; path = NetworkSpeedService.swift; sourceTree = "<group>"; };
		1184A9802BD932D4000CCB5B /* MainScreenAssembly.swift */ = {isa = PBXFileReference; lastKnownFileType = sourcecode.swift; path = MainScreenAssembly.swift; sourceTree = "<group>"; };
		1184A9822BD932DE000CCB5B /* MainScreenRouter.swift */ = {isa = PBXFileReference; lastKnownFileType = sourcecode.swift; path = MainScreenRouter.swift; sourceTree = "<group>"; };
		1184A9842BD93367000CCB5B /* SettingsScreenRouter.swift */ = {isa = PBXFileReference; lastKnownFileType = sourcecode.swift; path = SettingsScreenRouter.swift; sourceTree = "<group>"; };
		1184A9862BD93373000CCB5B /* SettingsScreenAssembly.swift */ = {isa = PBXFileReference; lastKnownFileType = sourcecode.swift; path = SettingsScreenAssembly.swift; sourceTree = "<group>"; };
		1184A9882BD93563000CCB5B /* HistoryScreenRouter.swift */ = {isa = PBXFileReference; lastKnownFileType = sourcecode.swift; path = HistoryScreenRouter.swift; sourceTree = "<group>"; };
		1184A98A2BD93576000CCB5B /* HistoryScreenAssembly.swift */ = {isa = PBXFileReference; lastKnownFileType = sourcecode.swift; path = HistoryScreenAssembly.swift; sourceTree = "<group>"; };
		1184A9902BD96E8E000CCB5B /* SharedDataService.swift */ = {isa = PBXFileReference; lastKnownFileType = sourcecode.swift; path = SharedDataService.swift; sourceTree = "<group>"; };
		1184A9922BD96EAF000CCB5B /* DIContainerImpl.swift */ = {isa = PBXFileReference; lastKnownFileType = sourcecode.swift; path = DIContainerImpl.swift; sourceTree = "<group>"; };
		1184A9952BD96FE7000CCB5B /* DIContainer.swift */ = {isa = PBXFileReference; lastKnownFileType = sourcecode.swift; path = DIContainer.swift; sourceTree = "<group>"; };
/* End PBXFileReference section */

/* Begin PBXFrameworksBuildPhase section */
		1184A9292BD92A4A000CCB5B /* Frameworks */ = {
			isa = PBXFrameworksBuildPhase;
			buildActionMask = 2147483647;
			files = (
				1134BB8A2BDA9F8600A67A8A /* Alamofire in Frameworks */,
			);
			runOnlyForDeploymentPostprocessing = 0;
		};
		1184A93E2BD92A4C000CCB5B /* Frameworks */ = {
			isa = PBXFrameworksBuildPhase;
			buildActionMask = 2147483647;
			files = (
			);
			runOnlyForDeploymentPostprocessing = 0;
		};
		1184A9482BD92A4C000CCB5B /* Frameworks */ = {
			isa = PBXFrameworksBuildPhase;
			buildActionMask = 2147483647;
			files = (
			);
			runOnlyForDeploymentPostprocessing = 0;
		};
/* End PBXFrameworksBuildPhase section */

/* Begin PBXGroup section */
		1134BB802BDA8DD100A67A8A /* AuxUI */ = {
			isa = PBXGroup;
			children = (
				1134BB832BDA8DF400A67A8A /* StartButton.swift */,
				1134BB852BDA9B9600A67A8A /* SpeedoMeter.swift */,
			);
			path = AuxUI;
			sourceTree = "<group>";
		};
		1134BB882BDA9F8600A67A8A /* Frameworks */ = {
			isa = PBXGroup;
			children = (
			);
			name = Frameworks;
			sourceTree = "<group>";
		};
		1134BB8D2BDAACE700A67A8A /* Models */ = {
			isa = PBXGroup;
			children = (
				1184A97A2BD931E3000CCB5B /* HistoryModel.swift */,
				1134BB8E2BDAAD3300A67A8A /* NetworkInfoModel.swift */,
			);
			path = Models;
			sourceTree = "<group>";
		};
		1184A9232BD92A4A000CCB5B = {
			isa = PBXGroup;
			children = (
				1184A92E2BD92A4A000CCB5B /* SpeedTest */,
				1184A9442BD92A4C000CCB5B /* SpeedTestTests */,
				1184A94E2BD92A4C000CCB5B /* SpeedTestUITests */,
				1184A92D2BD92A4A000CCB5B /* Products */,
				1134BB882BDA9F8600A67A8A /* Frameworks */,
			);
			sourceTree = "<group>";
		};
		1184A92D2BD92A4A000CCB5B /* Products */ = {
			isa = PBXGroup;
			children = (
				1184A92C2BD92A4A000CCB5B /* SpeedTest.app */,
				1184A9412BD92A4C000CCB5B /* SpeedTestTests.xctest */,
				1184A94B2BD92A4C000CCB5B /* SpeedTestUITests.xctest */,
			);
			name = Products;
			sourceTree = "<group>";
		};
		1184A92E2BD92A4A000CCB5B /* SpeedTest */ = {
			isa = PBXGroup;
			children = (
				1184A9602BD92AB9000CCB5B /* AppLayer */,
				1184A95F2BD92AB1000CCB5B /* CoreLayer */,
				1184A9352BD92A4C000CCB5B /* Preview Content */,
			);
			path = SpeedTest;
			sourceTree = "<group>";
		};
		1184A9352BD92A4C000CCB5B /* Preview Content */ = {
			isa = PBXGroup;
			children = (
				1184A9362BD92A4C000CCB5B /* Preview Assets.xcassets */,
			);
			path = "Preview Content";
			sourceTree = "<group>";
		};
		1184A9442BD92A4C000CCB5B /* SpeedTestTests */ = {
			isa = PBXGroup;
			children = (
				1184A9452BD92A4C000CCB5B /* SpeedTestTests.swift */,
			);
			path = SpeedTestTests;
			sourceTree = "<group>";
		};
		1184A94E2BD92A4C000CCB5B /* SpeedTestUITests */ = {
			isa = PBXGroup;
			children = (
				1184A94F2BD92A4C000CCB5B /* SpeedTestUITests.swift */,
				1184A9512BD92A4C000CCB5B /* SpeedTestUITestsLaunchTests.swift */,
			);
			path = SpeedTestUITests;
			sourceTree = "<group>";
		};
		1184A95E2BD92AA7000CCB5B /* App */ = {
			isa = PBXGroup;
			children = (
				1184A92F2BD92A4A000CCB5B /* SpeedTestApp.swift */,
				1184A9332BD92A4C000CCB5B /* Assets.xcassets */,
			);
			path = App;
			sourceTree = "<group>";
		};
		1184A95F2BD92AB1000CCB5B /* CoreLayer */ = {
			isa = PBXGroup;
			children = (
				1184A9942BD96FBF000CCB5B /* DI */,
				1184A9642BD92B37000CCB5B /* Logger */,
				1184A9612BD92AC5000CCB5B /* CoreData */,
			);
			path = CoreLayer;
			sourceTree = "<group>";
		};
		1184A9602BD92AB9000CCB5B /* AppLayer */ = {
			isa = PBXGroup;
			children = (
				1184A95E2BD92AA7000CCB5B /* App */,
				1184A96C2BD9310D000CCB5B /* Service */,
				1134BB8D2BDAACE700A67A8A /* Models */,
				1184A96B2BD93104000CCB5B /* Screens */,
				1184A9672BD92B5B000CCB5B /* CommonStaff */,
			);
			path = AppLayer;
			sourceTree = "<group>";
		};
		1184A9612BD92AC5000CCB5B /* CoreData */ = {
			isa = PBXGroup;
			children = (
				1184A93A2BD92A4C000CCB5B /* SpeedTest.xcdatamodeld */,
				1184A9622BD92AD3000CCB5B /* DataController.swift */,
			);
			path = CoreData;
			sourceTree = "<group>";
		};
		1184A9642BD92B37000CCB5B /* Logger */ = {
			isa = PBXGroup;
			children = (
				1184A9652BD92B4E000CCB5B /* LogService.swift */,
			);
			path = Logger;
			sourceTree = "<group>";
		};
		1184A9672BD92B5B000CCB5B /* CommonStaff */ = {
			isa = PBXGroup;
			children = (
				1184A98D2BD9366F000CCB5B /* DI_Impl */,
				1184A9682BD92B63000CCB5B /* Extensions */,
			);
			path = CommonStaff;
			sourceTree = "<group>";
		};
		1184A9682BD92B63000CCB5B /* Extensions */ = {
			isa = PBXGroup;
			children = (
				1184A9692BD92B6D000CCB5B /* Date+.swift */,
			);
			path = Extensions;
			sourceTree = "<group>";
		};
		1184A96B2BD93104000CCB5B /* Screens */ = {
			isa = PBXGroup;
			children = (
				1184A96F2BD93127000CCB5B /* HistoryScreen */,
				1184A96E2BD93120000CCB5B /* SettingsScreen */,
				1184A96D2BD9311A000CCB5B /* MainScreen */,
			);
			path = Screens;
			sourceTree = "<group>";
		};
		1184A96C2BD9310D000CCB5B /* Service */ = {
			isa = PBXGroup;
			children = (
				1184A97E2BD9328C000CCB5B /* NetworkSpeedService.swift */,
				1184A9902BD96E8E000CCB5B /* SharedDataService.swift */,
				1134BB8B2BDAACC600A67A8A /* NetworkInfoService.swift */,
			);
			path = Service;
			sourceTree = "<group>";
		};
		1184A96D2BD9311A000CCB5B /* MainScreen */ = {
			isa = PBXGroup;
			children = (
				1134BB802BDA8DD100A67A8A /* AuxUI */,
				1184A9702BD9313E000CCB5B /* MainScreenView.swift */,
				1184A9722BD9314F000CCB5B /* MainScreenViewModel.swift */,
				1184A9802BD932D4000CCB5B /* MainScreenAssembly.swift */,
				1184A9822BD932DE000CCB5B /* MainScreenRouter.swift */,
			);
			path = MainScreen;
			sourceTree = "<group>";
		};
		1184A96E2BD93120000CCB5B /* SettingsScreen */ = {
			isa = PBXGroup;
			children = (
				1184A9742BD931B6000CCB5B /* SettingsScreenView.swift */,
				1184A9762BD931C7000CCB5B /* SettingsScreenViewModel.swift */,
				1184A9842BD93367000CCB5B /* SettingsScreenRouter.swift */,
				1184A9862BD93373000CCB5B /* SettingsScreenAssembly.swift */,
			);
			path = SettingsScreen;
			sourceTree = "<group>";
		};
		1184A96F2BD93127000CCB5B /* HistoryScreen */ = {
			isa = PBXGroup;
			children = (
				1184A9782BD931D9000CCB5B /* HistoryScreenViewModel.swift */,
				1184A97C2BD931FC000CCB5B /* HistoryScreenView.swift */,
				1184A9882BD93563000CCB5B /* HistoryScreenRouter.swift */,
				1184A98A2BD93576000CCB5B /* HistoryScreenAssembly.swift */,
			);
			path = HistoryScreen;
			sourceTree = "<group>";
		};
		1184A98D2BD9366F000CCB5B /* DI_Impl */ = {
			isa = PBXGroup;
			children = (
				1184A9922BD96EAF000CCB5B /* DIContainerImpl.swift */,
			);
			path = DI_Impl;
			sourceTree = "<group>";
		};
		1184A9942BD96FBF000CCB5B /* DI */ = {
			isa = PBXGroup;
			children = (
				1184A9952BD96FE7000CCB5B /* DIContainer.swift */,
			);
			path = DI;
			sourceTree = "<group>";
		};
/* End PBXGroup section */

/* Begin PBXNativeTarget section */
		1184A92B2BD92A4A000CCB5B /* SpeedTest */ = {
			isa = PBXNativeTarget;
			buildConfigurationList = 1184A9552BD92A4C000CCB5B /* Build configuration list for PBXNativeTarget "SpeedTest" */;
			buildPhases = (
				1184A9282BD92A4A000CCB5B /* Sources */,
				1184A9292BD92A4A000CCB5B /* Frameworks */,
				1184A92A2BD92A4A000CCB5B /* Resources */,
			);
			buildRules = (
			);
			dependencies = (
			);
			name = SpeedTest;
			packageProductDependencies = (
				1134BB892BDA9F8600A67A8A /* Alamofire */,
			);
			productName = SpeedTest;
			productReference = 1184A92C2BD92A4A000CCB5B /* SpeedTest.app */;
			productType = "com.apple.product-type.application";
		};
		1184A9402BD92A4C000CCB5B /* SpeedTestTests */ = {
			isa = PBXNativeTarget;
			buildConfigurationList = 1184A9582BD92A4C000CCB5B /* Build configuration list for PBXNativeTarget "SpeedTestTests" */;
			buildPhases = (
				1184A93D2BD92A4C000CCB5B /* Sources */,
				1184A93E2BD92A4C000CCB5B /* Frameworks */,
				1184A93F2BD92A4C000CCB5B /* Resources */,
			);
			buildRules = (
			);
			dependencies = (
				1184A9432BD92A4C000CCB5B /* PBXTargetDependency */,
			);
			name = SpeedTestTests;
			productName = SpeedTestTests;
			productReference = 1184A9412BD92A4C000CCB5B /* SpeedTestTests.xctest */;
			productType = "com.apple.product-type.bundle.unit-test";
		};
		1184A94A2BD92A4C000CCB5B /* SpeedTestUITests */ = {
			isa = PBXNativeTarget;
			buildConfigurationList = 1184A95B2BD92A4C000CCB5B /* Build configuration list for PBXNativeTarget "SpeedTestUITests" */;
			buildPhases = (
				1184A9472BD92A4C000CCB5B /* Sources */,
				1184A9482BD92A4C000CCB5B /* Frameworks */,
				1184A9492BD92A4C000CCB5B /* Resources */,
			);
			buildRules = (
			);
			dependencies = (
				1184A94D2BD92A4C000CCB5B /* PBXTargetDependency */,
			);
			name = SpeedTestUITests;
			productName = SpeedTestUITests;
			productReference = 1184A94B2BD92A4C000CCB5B /* SpeedTestUITests.xctest */;
			productType = "com.apple.product-type.bundle.ui-testing";
		};
/* End PBXNativeTarget section */

/* Begin PBXProject section */
		1184A9242BD92A4A000CCB5B /* Project object */ = {
			isa = PBXProject;
			attributes = {
				BuildIndependentTargetsInParallel = 1;
				LastSwiftUpdateCheck = 1500;
				LastUpgradeCheck = 1500;
				TargetAttributes = {
					1184A92B2BD92A4A000CCB5B = {
						CreatedOnToolsVersion = 15.0;
					};
					1184A9402BD92A4C000CCB5B = {
						CreatedOnToolsVersion = 15.0;
						TestTargetID = 1184A92B2BD92A4A000CCB5B;
					};
					1184A94A2BD92A4C000CCB5B = {
						CreatedOnToolsVersion = 15.0;
						TestTargetID = 1184A92B2BD92A4A000CCB5B;
					};
				};
			};
			buildConfigurationList = 1184A9272BD92A4A000CCB5B /* Build configuration list for PBXProject "SpeedTest" */;
			compatibilityVersion = "Xcode 14.0";
			developmentRegion = en;
			hasScannedForEncodings = 0;
			knownRegions = (
				en,
				Base,
			);
			mainGroup = 1184A9232BD92A4A000CCB5B;
			packageReferences = (
				1134BB872BDA9E8200A67A8A /* XCRemoteSwiftPackageReference "Alamofire" */,
			);
			productRefGroup = 1184A92D2BD92A4A000CCB5B /* Products */;
			projectDirPath = "";
			projectRoot = "";
			targets = (
				1184A92B2BD92A4A000CCB5B /* SpeedTest */,
				1184A9402BD92A4C000CCB5B /* SpeedTestTests */,
				1184A94A2BD92A4C000CCB5B /* SpeedTestUITests */,
			);
		};
/* End PBXProject section */

/* Begin PBXResourcesBuildPhase section */
		1184A92A2BD92A4A000CCB5B /* Resources */ = {
			isa = PBXResourcesBuildPhase;
			buildActionMask = 2147483647;
			files = (
				1184A9372BD92A4C000CCB5B /* Preview Assets.xcassets in Resources */,
				1184A9342BD92A4C000CCB5B /* Assets.xcassets in Resources */,
			);
			runOnlyForDeploymentPostprocessing = 0;
		};
		1184A93F2BD92A4C000CCB5B /* Resources */ = {
			isa = PBXResourcesBuildPhase;
			buildActionMask = 2147483647;
			files = (
			);
			runOnlyForDeploymentPostprocessing = 0;
		};
		1184A9492BD92A4C000CCB5B /* Resources */ = {
			isa = PBXResourcesBuildPhase;
			buildActionMask = 2147483647;
			files = (
			);
			runOnlyForDeploymentPostprocessing = 0;
		};
/* End PBXResourcesBuildPhase section */

/* Begin PBXSourcesBuildPhase section */
		1184A9282BD92A4A000CCB5B /* Sources */ = {
			isa = PBXSourcesBuildPhase;
			buildActionMask = 2147483647;
			files = (
				1134BB842BDA8DF400A67A8A /* StartButton.swift in Sources */,
				1184A9872BD93373000CCB5B /* SettingsScreenAssembly.swift in Sources */,
				1184A9812BD932D4000CCB5B /* MainScreenAssembly.swift in Sources */,
				1184A9302BD92A4A000CCB5B /* SpeedTestApp.swift in Sources */,
				1184A9732BD9314F000CCB5B /* MainScreenViewModel.swift in Sources */,
				1184A9832BD932DE000CCB5B /* MainScreenRouter.swift in Sources */,
				1184A9712BD9313E000CCB5B /* MainScreenView.swift in Sources */,
				1184A9792BD931D9000CCB5B /* HistoryScreenViewModel.swift in Sources */,
				1134BB8C2BDAACC600A67A8A /* NetworkInfoService.swift in Sources */,
				1184A9932BD96EAF000CCB5B /* DIContainerImpl.swift in Sources */,
				1134BB862BDA9B9600A67A8A /* SpeedoMeter.swift in Sources */,
				1184A9632BD92AD3000CCB5B /* DataController.swift in Sources */,
				1134BB8F2BDAAD3300A67A8A /* NetworkInfoModel.swift in Sources */,
				1184A9852BD93367000CCB5B /* SettingsScreenRouter.swift in Sources */,
				1184A97B2BD931E3000CCB5B /* HistoryModel.swift in Sources */,
				1184A97D2BD931FC000CCB5B /* HistoryScreenView.swift in Sources */,
				1184A9962BD96FE7000CCB5B /* DIContainer.swift in Sources */,
				1184A9892BD93563000CCB5B /* HistoryScreenRouter.swift in Sources */,
				1184A9912BD96E8E000CCB5B /* SharedDataService.swift in Sources */,
				1184A96A2BD92B6D000CCB5B /* Date+.swift in Sources */,
				1184A9662BD92B4E000CCB5B /* LogService.swift in Sources */,
				1184A98B2BD93576000CCB5B /* HistoryScreenAssembly.swift in Sources */,
				1184A9772BD931C7000CCB5B /* SettingsScreenViewModel.swift in Sources */,
				1184A93C2BD92A4C000CCB5B /* SpeedTest.xcdatamodeld in Sources */,
				1184A9752BD931B6000CCB5B /* SettingsScreenView.swift in Sources */,
				1184A97F2BD9328C000CCB5B /* NetworkSpeedService.swift in Sources */,
			);
			runOnlyForDeploymentPostprocessing = 0;
		};
		1184A93D2BD92A4C000CCB5B /* Sources */ = {
			isa = PBXSourcesBuildPhase;
			buildActionMask = 2147483647;
			files = (
				1184A9462BD92A4C000CCB5B /* SpeedTestTests.swift in Sources */,
			);
			runOnlyForDeploymentPostprocessing = 0;
		};
		1184A9472BD92A4C000CCB5B /* Sources */ = {
			isa = PBXSourcesBuildPhase;
			buildActionMask = 2147483647;
			files = (
				1184A9522BD92A4C000CCB5B /* SpeedTestUITestsLaunchTests.swift in Sources */,
				1184A9502BD92A4C000CCB5B /* SpeedTestUITests.swift in Sources */,
			);
			runOnlyForDeploymentPostprocessing = 0;
		};
/* End PBXSourcesBuildPhase section */

/* Begin PBXTargetDependency section */
		1184A9432BD92A4C000CCB5B /* PBXTargetDependency */ = {
			isa = PBXTargetDependency;
			target = 1184A92B2BD92A4A000CCB5B /* SpeedTest */;
			targetProxy = 1184A9422BD92A4C000CCB5B /* PBXContainerItemProxy */;
		};
		1184A94D2BD92A4C000CCB5B /* PBXTargetDependency */ = {
			isa = PBXTargetDependency;
			target = 1184A92B2BD92A4A000CCB5B /* SpeedTest */;
			targetProxy = 1184A94C2BD92A4C000CCB5B /* PBXContainerItemProxy */;
		};
/* End PBXTargetDependency section */

/* Begin XCBuildConfiguration section */
		1184A9532BD92A4C000CCB5B /* Debug */ = {
			isa = XCBuildConfiguration;
			buildSettings = {
				ALWAYS_SEARCH_USER_PATHS = NO;
				ASSETCATALOG_COMPILER_GENERATE_SWIFT_ASSET_SYMBOL_EXTENSIONS = YES;
				CLANG_ANALYZER_NONNULL = YES;
				CLANG_ANALYZER_NUMBER_OBJECT_CONVERSION = YES_AGGRESSIVE;
				CLANG_CXX_LANGUAGE_STANDARD = "gnu++20";
				CLANG_ENABLE_MODULES = YES;
				CLANG_ENABLE_OBJC_ARC = YES;
				CLANG_ENABLE_OBJC_WEAK = YES;
				CLANG_WARN_BLOCK_CAPTURE_AUTORELEASING = YES;
				CLANG_WARN_BOOL_CONVERSION = YES;
				CLANG_WARN_COMMA = YES;
				CLANG_WARN_CONSTANT_CONVERSION = YES;
				CLANG_WARN_DEPRECATED_OBJC_IMPLEMENTATIONS = YES;
				CLANG_WARN_DIRECT_OBJC_ISA_USAGE = YES_ERROR;
				CLANG_WARN_DOCUMENTATION_COMMENTS = YES;
				CLANG_WARN_EMPTY_BODY = YES;
				CLANG_WARN_ENUM_CONVERSION = YES;
				CLANG_WARN_INFINITE_RECURSION = YES;
				CLANG_WARN_INT_CONVERSION = YES;
				CLANG_WARN_NON_LITERAL_NULL_CONVERSION = YES;
				CLANG_WARN_OBJC_IMPLICIT_RETAIN_SELF = YES;
				CLANG_WARN_OBJC_LITERAL_CONVERSION = YES;
				CLANG_WARN_OBJC_ROOT_CLASS = YES_ERROR;
				CLANG_WARN_QUOTED_INCLUDE_IN_FRAMEWORK_HEADER = YES;
				CLANG_WARN_RANGE_LOOP_ANALYSIS = YES;
				CLANG_WARN_STRICT_PROTOTYPES = YES;
				CLANG_WARN_SUSPICIOUS_MOVE = YES;
				CLANG_WARN_UNGUARDED_AVAILABILITY = YES_AGGRESSIVE;
				CLANG_WARN_UNREACHABLE_CODE = YES;
				CLANG_WARN__DUPLICATE_METHOD_MATCH = YES;
				COPY_PHASE_STRIP = NO;
				DEBUG_INFORMATION_FORMAT = dwarf;
				ENABLE_STRICT_OBJC_MSGSEND = YES;
				ENABLE_TESTABILITY = YES;
				ENABLE_USER_SCRIPT_SANDBOXING = YES;
				GCC_C_LANGUAGE_STANDARD = gnu17;
				GCC_DYNAMIC_NO_PIC = NO;
				GCC_NO_COMMON_BLOCKS = YES;
				GCC_OPTIMIZATION_LEVEL = 0;
				GCC_PREPROCESSOR_DEFINITIONS = (
					"DEBUG=1",
					"$(inherited)",
				);
				GCC_WARN_64_TO_32_BIT_CONVERSION = YES;
				GCC_WARN_ABOUT_RETURN_TYPE = YES_ERROR;
				GCC_WARN_UNDECLARED_SELECTOR = YES;
				GCC_WARN_UNINITIALIZED_AUTOS = YES_AGGRESSIVE;
				GCC_WARN_UNUSED_FUNCTION = YES;
				GCC_WARN_UNUSED_VARIABLE = YES;
				IPHONEOS_DEPLOYMENT_TARGET = 15.0;
				LOCALIZATION_PREFERS_STRING_CATALOGS = YES;
				MTL_ENABLE_DEBUG_INFO = INCLUDE_SOURCE;
				MTL_FAST_MATH = YES;
				ONLY_ACTIVE_ARCH = YES;
				SDKROOT = iphoneos;
				SWIFT_ACTIVE_COMPILATION_CONDITIONS = "DEBUG $(inherited)";
				SWIFT_OPTIMIZATION_LEVEL = "-Onone";
			};
			name = Debug;
		};
		1184A9542BD92A4C000CCB5B /* Release */ = {
			isa = XCBuildConfiguration;
			buildSettings = {
				ALWAYS_SEARCH_USER_PATHS = NO;
				ASSETCATALOG_COMPILER_GENERATE_SWIFT_ASSET_SYMBOL_EXTENSIONS = YES;
				CLANG_ANALYZER_NONNULL = YES;
				CLANG_ANALYZER_NUMBER_OBJECT_CONVERSION = YES_AGGRESSIVE;
				CLANG_CXX_LANGUAGE_STANDARD = "gnu++20";
				CLANG_ENABLE_MODULES = YES;
				CLANG_ENABLE_OBJC_ARC = YES;
				CLANG_ENABLE_OBJC_WEAK = YES;
				CLANG_WARN_BLOCK_CAPTURE_AUTORELEASING = YES;
				CLANG_WARN_BOOL_CONVERSION = YES;
				CLANG_WARN_COMMA = YES;
				CLANG_WARN_CONSTANT_CONVERSION = YES;
				CLANG_WARN_DEPRECATED_OBJC_IMPLEMENTATIONS = YES;
				CLANG_WARN_DIRECT_OBJC_ISA_USAGE = YES_ERROR;
				CLANG_WARN_DOCUMENTATION_COMMENTS = YES;
				CLANG_WARN_EMPTY_BODY = YES;
				CLANG_WARN_ENUM_CONVERSION = YES;
				CLANG_WARN_INFINITE_RECURSION = YES;
				CLANG_WARN_INT_CONVERSION = YES;
				CLANG_WARN_NON_LITERAL_NULL_CONVERSION = YES;
				CLANG_WARN_OBJC_IMPLICIT_RETAIN_SELF = YES;
				CLANG_WARN_OBJC_LITERAL_CONVERSION = YES;
				CLANG_WARN_OBJC_ROOT_CLASS = YES_ERROR;
				CLANG_WARN_QUOTED_INCLUDE_IN_FRAMEWORK_HEADER = YES;
				CLANG_WARN_RANGE_LOOP_ANALYSIS = YES;
				CLANG_WARN_STRICT_PROTOTYPES = YES;
				CLANG_WARN_SUSPICIOUS_MOVE = YES;
				CLANG_WARN_UNGUARDED_AVAILABILITY = YES_AGGRESSIVE;
				CLANG_WARN_UNREACHABLE_CODE = YES;
				CLANG_WARN__DUPLICATE_METHOD_MATCH = YES;
				COPY_PHASE_STRIP = NO;
				DEBUG_INFORMATION_FORMAT = "dwarf-with-dsym";
				ENABLE_NS_ASSERTIONS = NO;
				ENABLE_STRICT_OBJC_MSGSEND = YES;
				ENABLE_USER_SCRIPT_SANDBOXING = YES;
				GCC_C_LANGUAGE_STANDARD = gnu17;
				GCC_NO_COMMON_BLOCKS = YES;
				GCC_WARN_64_TO_32_BIT_CONVERSION = YES;
				GCC_WARN_ABOUT_RETURN_TYPE = YES_ERROR;
				GCC_WARN_UNDECLARED_SELECTOR = YES;
				GCC_WARN_UNINITIALIZED_AUTOS = YES_AGGRESSIVE;
				GCC_WARN_UNUSED_FUNCTION = YES;
				GCC_WARN_UNUSED_VARIABLE = YES;
				IPHONEOS_DEPLOYMENT_TARGET = 15.0;
				LOCALIZATION_PREFERS_STRING_CATALOGS = YES;
				MTL_ENABLE_DEBUG_INFO = NO;
				MTL_FAST_MATH = YES;
				SDKROOT = iphoneos;
				SWIFT_COMPILATION_MODE = wholemodule;
				VALIDATE_PRODUCT = YES;
			};
			name = Release;
		};
		1184A9562BD92A4C000CCB5B /* Debug */ = {
			isa = XCBuildConfiguration;
			buildSettings = {
				ASSETCATALOG_COMPILER_APPICON_NAME = AppIcon;
				ASSETCATALOG_COMPILER_GLOBAL_ACCENT_COLOR_NAME = AccentColor;
				CODE_SIGN_STYLE = Automatic;
				CURRENT_PROJECT_VERSION = 1;
				DEVELOPMENT_ASSET_PATHS = "\"SpeedTest/Preview Content\"";
				DEVELOPMENT_TEAM = 54QQ5J8QD7;
				ENABLE_PREVIEWS = YES;
				GENERATE_INFOPLIST_FILE = YES;
				INFOPLIST_KEY_UIApplicationSceneManifest_Generation = YES;
				INFOPLIST_KEY_UIApplicationSupportsIndirectInputEvents = YES;
				INFOPLIST_KEY_UILaunchScreen_Generation = YES;
				INFOPLIST_KEY_UISupportedInterfaceOrientations = UIInterfaceOrientationPortrait;
				INFOPLIST_KEY_UISupportedInterfaceOrientations_iPad = "UIInterfaceOrientationLandscapeRight UIInterfaceOrientationPortrait";
				IPHONEOS_DEPLOYMENT_TARGET = 15.0;
				LD_RUNPATH_SEARCH_PATHS = (
					"$(inherited)",
					"@executable_path/Frameworks",
				);
				MARKETING_VERSION = 1.0;
				PRODUCT_BUNDLE_IDENTIFIER = ingoddi.SpeedTest;
				PRODUCT_NAME = "$(TARGET_NAME)";
				SWIFT_EMIT_LOC_STRINGS = YES;
				SWIFT_VERSION = 5.0;
				TARGETED_DEVICE_FAMILY = "1,2";
			};
			name = Debug;
		};
		1184A9572BD92A4C000CCB5B /* Release */ = {
			isa = XCBuildConfiguration;
			buildSettings = {
				ASSETCATALOG_COMPILER_APPICON_NAME = AppIcon;
				ASSETCATALOG_COMPILER_GLOBAL_ACCENT_COLOR_NAME = AccentColor;
				CODE_SIGN_STYLE = Automatic;
				CURRENT_PROJECT_VERSION = 1;
				DEVELOPMENT_ASSET_PATHS = "\"SpeedTest/Preview Content\"";
				DEVELOPMENT_TEAM = 54QQ5J8QD7;
				ENABLE_PREVIEWS = YES;
				GENERATE_INFOPLIST_FILE = YES;
				INFOPLIST_KEY_UIApplicationSceneManifest_Generation = YES;
				INFOPLIST_KEY_UIApplicationSupportsIndirectInputEvents = YES;
				INFOPLIST_KEY_UILaunchScreen_Generation = YES;
				INFOPLIST_KEY_UISupportedInterfaceOrientations = UIInterfaceOrientationPortrait;
				INFOPLIST_KEY_UISupportedInterfaceOrientations_iPad = "UIInterfaceOrientationLandscapeRight UIInterfaceOrientationPortrait";
				IPHONEOS_DEPLOYMENT_TARGET = 15.0;
				LD_RUNPATH_SEARCH_PATHS = (
					"$(inherited)",
					"@executable_path/Frameworks",
				);
				MARKETING_VERSION = 1.0;
				PRODUCT_BUNDLE_IDENTIFIER = ingoddi.SpeedTest;
				PRODUCT_NAME = "$(TARGET_NAME)";
				SWIFT_EMIT_LOC_STRINGS = YES;
				SWIFT_VERSION = 5.0;
				TARGETED_DEVICE_FAMILY = "1,2";
			};
			name = Release;
		};
		1184A9592BD92A4C000CCB5B /* Debug */ = {
			isa = XCBuildConfiguration;
			buildSettings = {
				ALWAYS_EMBED_SWIFT_STANDARD_LIBRARIES = YES;
				BUNDLE_LOADER = "$(TEST_HOST)";
				CODE_SIGN_STYLE = Automatic;
				CURRENT_PROJECT_VERSION = 1;
				DEVELOPMENT_TEAM = 54QQ5J8QD7;
				GENERATE_INFOPLIST_FILE = YES;
				IPHONEOS_DEPLOYMENT_TARGET = 17.0;
				MARKETING_VERSION = 1.0;
				PRODUCT_BUNDLE_IDENTIFIER = ingoddi.SpeedTestTests;
				PRODUCT_NAME = "$(TARGET_NAME)";
				SWIFT_EMIT_LOC_STRINGS = NO;
				SWIFT_VERSION = 5.0;
				TARGETED_DEVICE_FAMILY = "1,2";
				TEST_HOST = "$(BUILT_PRODUCTS_DIR)/SpeedTest.app/$(BUNDLE_EXECUTABLE_FOLDER_PATH)/SpeedTest";
			};
			name = Debug;
		};
		1184A95A2BD92A4C000CCB5B /* Release */ = {
			isa = XCBuildConfiguration;
			buildSettings = {
				ALWAYS_EMBED_SWIFT_STANDARD_LIBRARIES = YES;
				BUNDLE_LOADER = "$(TEST_HOST)";
				CODE_SIGN_STYLE = Automatic;
				CURRENT_PROJECT_VERSION = 1;
				DEVELOPMENT_TEAM = 54QQ5J8QD7;
				GENERATE_INFOPLIST_FILE = YES;
				IPHONEOS_DEPLOYMENT_TARGET = 17.0;
				MARKETING_VERSION = 1.0;
				PRODUCT_BUNDLE_IDENTIFIER = ingoddi.SpeedTestTests;
				PRODUCT_NAME = "$(TARGET_NAME)";
				SWIFT_EMIT_LOC_STRINGS = NO;
				SWIFT_VERSION = 5.0;
				TARGETED_DEVICE_FAMILY = "1,2";
				TEST_HOST = "$(BUILT_PRODUCTS_DIR)/SpeedTest.app/$(BUNDLE_EXECUTABLE_FOLDER_PATH)/SpeedTest";
			};
			name = Release;
		};
		1184A95C2BD92A4C000CCB5B /* Debug */ = {
			isa = XCBuildConfiguration;
			buildSettings = {
				ALWAYS_EMBED_SWIFT_STANDARD_LIBRARIES = YES;
				CODE_SIGN_STYLE = Automatic;
				CURRENT_PROJECT_VERSION = 1;
				DEVELOPMENT_TEAM = 54QQ5J8QD7;
				GENERATE_INFOPLIST_FILE = YES;
				MARKETING_VERSION = 1.0;
				PRODUCT_BUNDLE_IDENTIFIER = ingoddi.SpeedTestUITests;
				PRODUCT_NAME = "$(TARGET_NAME)";
				SWIFT_EMIT_LOC_STRINGS = NO;
				SWIFT_VERSION = 5.0;
				TARGETED_DEVICE_FAMILY = "1,2";
				TEST_TARGET_NAME = SpeedTest;
			};
			name = Debug;
		};
		1184A95D2BD92A4C000CCB5B /* Release */ = {
			isa = XCBuildConfiguration;
			buildSettings = {
				ALWAYS_EMBED_SWIFT_STANDARD_LIBRARIES = YES;
				CODE_SIGN_STYLE = Automatic;
				CURRENT_PROJECT_VERSION = 1;
				DEVELOPMENT_TEAM = 54QQ5J8QD7;
				GENERATE_INFOPLIST_FILE = YES;
				MARKETING_VERSION = 1.0;
				PRODUCT_BUNDLE_IDENTIFIER = ingoddi.SpeedTestUITests;
				PRODUCT_NAME = "$(TARGET_NAME)";
				SWIFT_EMIT_LOC_STRINGS = NO;
				SWIFT_VERSION = 5.0;
				TARGETED_DEVICE_FAMILY = "1,2";
				TEST_TARGET_NAME = SpeedTest;
			};
			name = Release;
		};
/* End XCBuildConfiguration section */

/* Begin XCConfigurationList section */
		1184A9272BD92A4A000CCB5B /* Build configuration list for PBXProject "SpeedTest" */ = {
			isa = XCConfigurationList;
			buildConfigurations = (
				1184A9532BD92A4C000CCB5B /* Debug */,
				1184A9542BD92A4C000CCB5B /* Release */,
			);
			defaultConfigurationIsVisible = 0;
			defaultConfigurationName = Release;
		};
		1184A9552BD92A4C000CCB5B /* Build configuration list for PBXNativeTarget "SpeedTest" */ = {
			isa = XCConfigurationList;
			buildConfigurations = (
				1184A9562BD92A4C000CCB5B /* Debug */,
				1184A9572BD92A4C000CCB5B /* Release */,
			);
			defaultConfigurationIsVisible = 0;
			defaultConfigurationName = Release;
		};
		1184A9582BD92A4C000CCB5B /* Build configuration list for PBXNativeTarget "SpeedTestTests" */ = {
			isa = XCConfigurationList;
			buildConfigurations = (
				1184A9592BD92A4C000CCB5B /* Debug */,
				1184A95A2BD92A4C000CCB5B /* Release */,
			);
			defaultConfigurationIsVisible = 0;
			defaultConfigurationName = Release;
		};
		1184A95B2BD92A4C000CCB5B /* Build configuration list for PBXNativeTarget "SpeedTestUITests" */ = {
			isa = XCConfigurationList;
			buildConfigurations = (
				1184A95C2BD92A4C000CCB5B /* Debug */,
				1184A95D2BD92A4C000CCB5B /* Release */,
			);
			defaultConfigurationIsVisible = 0;
			defaultConfigurationName = Release;
		};
/* End XCConfigurationList section */

/* Begin XCRemoteSwiftPackageReference section */
		1134BB872BDA9E8200A67A8A /* XCRemoteSwiftPackageReference "Alamofire" */ = {
			isa = XCRemoteSwiftPackageReference;
			repositoryURL = "https://github.com/Alamofire/Alamofire.git";
			requirement = {
				kind = upToNextMajorVersion;
				minimumVersion = 5.9.1;
			};
		};
/* End XCRemoteSwiftPackageReference section */

/* Begin XCSwiftPackageProductDependency section */
		1134BB892BDA9F8600A67A8A /* Alamofire */ = {
			isa = XCSwiftPackageProductDependency;
			package = 1134BB872BDA9E8200A67A8A /* XCRemoteSwiftPackageReference "Alamofire" */;
			productName = Alamofire;
		};
/* End XCSwiftPackageProductDependency section */

/* Begin XCVersionGroup section */
		1184A93A2BD92A4C000CCB5B /* SpeedTest.xcdatamodeld */ = {
			isa = XCVersionGroup;
			children = (
				1184A93B2BD92A4C000CCB5B /* SpeedTest.xcdatamodel */,
			);
			currentVersion = 1184A93B2BD92A4C000CCB5B /* SpeedTest.xcdatamodel */;
			path = SpeedTest.xcdatamodeld;
			sourceTree = "<group>";
			versionGroupType = wrapper.xcdatamodel;
		};
/* End XCVersionGroup section */
	};
	rootObject = 1184A9242BD92A4A000CCB5B /* Project object */;
}
